// !$*UTF8*$!
{
	archiveVersion = 1;
	classes = {
	};
	objectVersion = 46;
	objects = {

/* Begin PBXBuildFile section */
		9DFD99701906D08300F67A8B /* CCSoomlaNdkBridgeIos.h in Headers */ = {isa = PBXBuildFile; fileRef = 9DFD99611906D08300F67A8B /* CCSoomlaNdkBridgeIos.h */; settings = {ATTRIBUTES = (Public, ); }; };
		9DFD99711906D08300F67A8B /* CCSoomlaNdkBridgeIos.mm in Sources */ = {isa = PBXBuildFile; fileRef = 9DFD99621906D08300F67A8B /* CCSoomlaNdkBridgeIos.mm */; };
		9DFD99721906D08300F67A8B /* EventDispatcherBridge.h in Headers */ = {isa = PBXBuildFile; fileRef = 9DFD99641906D08300F67A8B /* EventDispatcherBridge.h */; settings = {ATTRIBUTES = (Private, ); }; };
		9DFD99731906D08300F67A8B /* EventDispatcherBridge.mm in Sources */ = {isa = PBXBuildFile; fileRef = 9DFD99651906D08300F67A8B /* EventDispatcherBridge.mm */; };
		9DFD99741906D08300F67A8B /* SoomlaNDKGlue.h in Headers */ = {isa = PBXBuildFile; fileRef = 9DFD99661906D08300F67A8B /* SoomlaNDKGlue.h */; settings = {ATTRIBUTES = (Private, ); }; };
		9DFD99751906D08300F67A8B /* SoomlaNDKGlue.mm in Sources */ = {isa = PBXBuildFile; fileRef = 9DFD99671906D08300F67A8B /* SoomlaNDKGlue.mm */; };
		9DFD99761906D08300F67A8B /* StoreAssetsBridge.h in Headers */ = {isa = PBXBuildFile; fileRef = 9DFD99681906D08300F67A8B /* StoreAssetsBridge.h */; settings = {ATTRIBUTES = (Private, ); }; };
		9DFD99771906D08300F67A8B /* StoreAssetsBridge.mm in Sources */ = {isa = PBXBuildFile; fileRef = 9DFD99691906D08300F67A8B /* StoreAssetsBridge.mm */; };
		9DFD99781906D08300F67A8B /* StoreControllerBridge.h in Headers */ = {isa = PBXBuildFile; fileRef = 9DFD996A1906D08300F67A8B /* StoreControllerBridge.h */; settings = {ATTRIBUTES = (Private, ); }; };
		9DFD99791906D08300F67A8B /* StoreControllerBridge.mm in Sources */ = {isa = PBXBuildFile; fileRef = 9DFD996B1906D08300F67A8B /* StoreControllerBridge.mm */; };
		9DFD997A1906D08300F67A8B /* StoreInfoBridge.h in Headers */ = {isa = PBXBuildFile; fileRef = 9DFD996C1906D08300F67A8B /* StoreInfoBridge.h */; settings = {ATTRIBUTES = (Private, ); }; };
		9DFD997B1906D08300F67A8B /* StoreInfoBridge.mm in Sources */ = {isa = PBXBuildFile; fileRef = 9DFD996D1906D08300F67A8B /* StoreInfoBridge.mm */; };
		9DFD997C1906D08300F67A8B /* StoreInventoryBridge.h in Headers */ = {isa = PBXBuildFile; fileRef = 9DFD996E1906D08300F67A8B /* StoreInventoryBridge.h */; settings = {ATTRIBUTES = (Private, ); }; };
		9DFD997D1906D08300F67A8B /* StoreInventoryBridge.mm in Sources */ = {isa = PBXBuildFile; fileRef = 9DFD996F1906D08300F67A8B /* StoreInventoryBridge.mm */; };
		C0B3C5F3168C6D0C00161FAA /* Foundation.framework in Frameworks */ = {isa = PBXBuildFile; fileRef = C0B3C5F2168C6D0C00161FAA /* Foundation.framework */; };
/* End PBXBuildFile section */

/* Begin PBXContainerItemProxy section */
		9D1373BC192E1773003B9302 /* PBXContainerItemProxy */ = {
			isa = PBXContainerItemProxy;
			containerPortal = 9D1373B8192E1773003B9302 /* SoomlaiOSStore.xcodeproj */;
			proxyType = 2;
			remoteGlobalIDString = C02CEC42160DC870000AA0D2;
			remoteInfo = SoomlaiOSStore;
		};
		9D1373C6192E20BB003B9302 /* PBXContainerItemProxy */ = {
			isa = PBXContainerItemProxy;
			containerPortal = 9D1373B8192E1773003B9302 /* SoomlaiOSStore.xcodeproj */;
			proxyType = 1;
			remoteGlobalIDString = C02CEC41160DC870000AA0D2;
			remoteInfo = SoomlaiOSStore;
		};
/* End PBXContainerItemProxy section */

/* Begin PBXFileReference section */
		9D1373B8192E1773003B9302 /* SoomlaiOSStore.xcodeproj */ = {isa = PBXFileReference; lastKnownFileType = "wrapper.pb-project"; name = SoomlaiOSStore.xcodeproj; path = "/Users/vedi/Documents/Projects/soomla/cocos2d-x/extensions/cocos2dx-store/Soomla/../submodules/ios-store/SoomlaiOSStore.xcodeproj"; sourceTree = "<absolute>"; };
		9D1D39B719018BB0000EC503 /* Prefix.pch */ = {isa = PBXFileReference; lastKnownFileType = sourcecode.c.h; path = Prefix.pch; sourceTree = "<group>"; };
		9DFD99611906D08300F67A8B /* CCSoomlaNdkBridgeIos.h */ = {isa = PBXFileReference; fileEncoding = 4; lastKnownFileType = sourcecode.c.h; path = CCSoomlaNdkBridgeIos.h; sourceTree = "<group>"; };
		9DFD99621906D08300F67A8B /* CCSoomlaNdkBridgeIos.mm */ = {isa = PBXFileReference; fileEncoding = 4; lastKnownFileType = sourcecode.cpp.objcpp; path = CCSoomlaNdkBridgeIos.mm; sourceTree = "<group>"; };
		9DFD99641906D08300F67A8B /* EventDispatcherBridge.h */ = {isa = PBXFileReference; fileEncoding = 4; lastKnownFileType = sourcecode.c.h; path = EventDispatcherBridge.h; sourceTree = "<group>"; };
		9DFD99651906D08300F67A8B /* EventDispatcherBridge.mm */ = {isa = PBXFileReference; fileEncoding = 4; lastKnownFileType = sourcecode.cpp.objcpp; path = EventDispatcherBridge.mm; sourceTree = "<group>"; };
		9DFD99661906D08300F67A8B /* SoomlaNDKGlue.h */ = {isa = PBXFileReference; fileEncoding = 4; lastKnownFileType = sourcecode.c.h; path = SoomlaNDKGlue.h; sourceTree = "<group>"; };
		9DFD99671906D08300F67A8B /* SoomlaNDKGlue.mm */ = {isa = PBXFileReference; fileEncoding = 4; lastKnownFileType = sourcecode.cpp.objcpp; path = SoomlaNDKGlue.mm; sourceTree = "<group>"; };
		9DFD99681906D08300F67A8B /* StoreAssetsBridge.h */ = {isa = PBXFileReference; fileEncoding = 4; lastKnownFileType = sourcecode.c.h; path = StoreAssetsBridge.h; sourceTree = "<group>"; };
		9DFD99691906D08300F67A8B /* StoreAssetsBridge.mm */ = {isa = PBXFileReference; fileEncoding = 4; lastKnownFileType = sourcecode.cpp.objcpp; path = StoreAssetsBridge.mm; sourceTree = "<group>"; };
		9DFD996A1906D08300F67A8B /* StoreControllerBridge.h */ = {isa = PBXFileReference; fileEncoding = 4; lastKnownFileType = sourcecode.c.h; path = StoreControllerBridge.h; sourceTree = "<group>"; };
		9DFD996B1906D08300F67A8B /* StoreControllerBridge.mm */ = {isa = PBXFileReference; fileEncoding = 4; lastKnownFileType = sourcecode.cpp.objcpp; path = StoreControllerBridge.mm; sourceTree = "<group>"; };
		9DFD996C1906D08300F67A8B /* StoreInfoBridge.h */ = {isa = PBXFileReference; fileEncoding = 4; lastKnownFileType = sourcecode.c.h; path = StoreInfoBridge.h; sourceTree = "<group>"; };
		9DFD996D1906D08300F67A8B /* StoreInfoBridge.mm */ = {isa = PBXFileReference; fileEncoding = 4; lastKnownFileType = sourcecode.cpp.objcpp; path = StoreInfoBridge.mm; sourceTree = "<group>"; };
		9DFD996E1906D08300F67A8B /* StoreInventoryBridge.h */ = {isa = PBXFileReference; fileEncoding = 4; lastKnownFileType = sourcecode.c.h; path = StoreInventoryBridge.h; sourceTree = "<group>"; };
		9DFD996F1906D08300F67A8B /* StoreInventoryBridge.mm */ = {isa = PBXFileReference; fileEncoding = 4; lastKnownFileType = sourcecode.cpp.objcpp; path = StoreInventoryBridge.mm; sourceTree = "<group>"; };
		C0B3C5EF168C6D0C00161FAA /* libCocos2dXiOSStore.a */ = {isa = PBXFileReference; explicitFileType = archive.ar; includeInIndex = 0; path = libCocos2dXiOSStore.a; sourceTree = BUILT_PRODUCTS_DIR; };
		C0B3C5F2168C6D0C00161FAA /* Foundation.framework */ = {isa = PBXFileReference; lastKnownFileType = wrapper.framework; name = Foundation.framework; path = System/Library/Frameworks/Foundation.framework; sourceTree = SDKROOT; };
/* End PBXFileReference section */

/* Begin PBXFrameworksBuildPhase section */
		C0B3C5EC168C6D0C00161FAA /* Frameworks */ = {
			isa = PBXFrameworksBuildPhase;
			buildActionMask = 2147483647;
			files = (
				C0B3C5F3168C6D0C00161FAA /* Foundation.framework in Frameworks */,
			);
			runOnlyForDeploymentPostprocessing = 0;
		};
/* End PBXFrameworksBuildPhase section */

/* Begin PBXGroup section */
		9D1373B9192E1773003B9302 /* Products */ = {
			isa = PBXGroup;
			children = (
				9D1373BD192E1773003B9302 /* libSoomlaiOSStore.a */,
			);
			name = Products;
			sourceTree = "<group>";
		};
		9DFD99601906D08300F67A8B /* SoomlaCocos2dx */ = {
			isa = PBXGroup;
			children = (
				9DFD99611906D08300F67A8B /* CCSoomlaNdkBridgeIos.h */,
				9DFD99621906D08300F67A8B /* CCSoomlaNdkBridgeIos.mm */,
				9DFD99631906D08300F67A8B /* StoreBridge */,
			);
			path = SoomlaCocos2dx;
			sourceTree = "<group>";
		};
		9DFD99631906D08300F67A8B /* StoreBridge */ = {
			isa = PBXGroup;
			children = (
				9DFD99641906D08300F67A8B /* EventDispatcherBridge.h */,
				9DFD99651906D08300F67A8B /* EventDispatcherBridge.mm */,
				9DFD99661906D08300F67A8B /* SoomlaNDKGlue.h */,
				9DFD99671906D08300F67A8B /* SoomlaNDKGlue.mm */,
				9DFD99681906D08300F67A8B /* StoreAssetsBridge.h */,
				9DFD99691906D08300F67A8B /* StoreAssetsBridge.mm */,
				9DFD996A1906D08300F67A8B /* StoreControllerBridge.h */,
				9DFD996B1906D08300F67A8B /* StoreControllerBridge.mm */,
				9DFD996C1906D08300F67A8B /* StoreInfoBridge.h */,
				9DFD996D1906D08300F67A8B /* StoreInfoBridge.mm */,
				9DFD996E1906D08300F67A8B /* StoreInventoryBridge.h */,
				9DFD996F1906D08300F67A8B /* StoreInventoryBridge.mm */,
			);
			path = StoreBridge;
			sourceTree = "<group>";
		};
		C0B3C5E4168C6D0C00161FAA = {
			isa = PBXGroup;
			children = (
				9D1373B8192E1773003B9302 /* SoomlaiOSStore.xcodeproj */,
				9DFD99601906D08300F67A8B /* SoomlaCocos2dx */,
				9D1D39B719018BB0000EC503 /* Prefix.pch */,
				C0B3C5F1168C6D0C00161FAA /* Frameworks */,
				C0B3C5F0168C6D0C00161FAA /* Products */,
			);
			sourceTree = "<group>";
		};
		C0B3C5F0168C6D0C00161FAA /* Products */ = {
			isa = PBXGroup;
			children = (
				C0B3C5EF168C6D0C00161FAA /* libCocos2dXiOSStore.a */,
			);
			name = Products;
			sourceTree = "<group>";
		};
		C0B3C5F1168C6D0C00161FAA /* Frameworks */ = {
			isa = PBXGroup;
			children = (
				C0B3C5F2168C6D0C00161FAA /* Foundation.framework */,
			);
			name = Frameworks;
			sourceTree = "<group>";
		};
/* End PBXGroup section */

/* Begin PBXHeadersBuildPhase section */
		9D64AAD0190653C40091D664 /* Headers */ = {
			isa = PBXHeadersBuildPhase;
			buildActionMask = 2147483647;
			files = (
				9DFD99701906D08300F67A8B /* CCSoomlaNdkBridgeIos.h in Headers */,
				9DFD99721906D08300F67A8B /* EventDispatcherBridge.h in Headers */,
				9DFD99761906D08300F67A8B /* StoreAssetsBridge.h in Headers */,
				9DFD997C1906D08300F67A8B /* StoreInventoryBridge.h in Headers */,
				9DFD99781906D08300F67A8B /* StoreControllerBridge.h in Headers */,
				9DFD99741906D08300F67A8B /* SoomlaNDKGlue.h in Headers */,
				9DFD997A1906D08300F67A8B /* StoreInfoBridge.h in Headers */,
			);
			runOnlyForDeploymentPostprocessing = 0;
		};
/* End PBXHeadersBuildPhase section */

/* Begin PBXNativeTarget section */
		C0B3C5EE168C6D0C00161FAA /* Cocos2dXiOSStore */ = {
			isa = PBXNativeTarget;
			buildConfigurationList = C0B3C5FD168C6D0C00161FAA /* Build configuration list for PBXNativeTarget "Cocos2dXiOSStore" */;
			buildPhases = (
				C0B3C5EB168C6D0C00161FAA /* Sources */,
				C0B3C5EC168C6D0C00161FAA /* Frameworks */,
				9D64AAD0190653C40091D664 /* Headers */,
				C09762A81900726F000A4403 /* ShellScript */,
			);
			buildRules = (
			);
			dependencies = (
				9D1373C7192E20BB003B9302 /* PBXTargetDependency */,
			);
			name = Cocos2dXiOSStore;
			productName = SoomlaIOSStore;
			productReference = C0B3C5EF168C6D0C00161FAA /* libCocos2dXiOSStore.a */;
			productType = "com.apple.product-type.library.static";
		};
/* End PBXNativeTarget section */

/* Begin PBXProject section */
		C0B3C5E6168C6D0C00161FAA /* Project object */ = {
			isa = PBXProject;
			attributes = {
				LastUpgradeCheck = 0450;
				ORGANIZATIONNAME = SOOMLA;
			};
			buildConfigurationList = C0B3C5E9168C6D0C00161FAA /* Build configuration list for PBXProject "Cocos2dXiOSStore" */;
			compatibilityVersion = "Xcode 3.2";
			developmentRegion = English;
			hasScannedForEncodings = 0;
			knownRegions = (
				en,
			);
			mainGroup = C0B3C5E4168C6D0C00161FAA;
			productRefGroup = C0B3C5F0168C6D0C00161FAA /* Products */;
			projectDirPath = "";
			projectReferences = (
				{
					ProductGroup = 9D1373B9192E1773003B9302 /* Products */;
					ProjectRef = 9D1373B8192E1773003B9302 /* SoomlaiOSStore.xcodeproj */;
				},
			);
			projectRoot = "";
			targets = (
				C0B3C5EE168C6D0C00161FAA /* Cocos2dXiOSStore */,
			);
		};
/* End PBXProject section */

/* Begin PBXReferenceProxy section */
		9D1373BD192E1773003B9302 /* libSoomlaiOSStore.a */ = {
			isa = PBXReferenceProxy;
			fileType = archive.ar;
			path = libSoomlaiOSStore.a;
			remoteRef = 9D1373BC192E1773003B9302 /* PBXContainerItemProxy */;
			sourceTree = BUILT_PRODUCTS_DIR;
		};
/* End PBXReferenceProxy section */

/* Begin PBXShellScriptBuildPhase section */
		C09762A81900726F000A4403 /* ShellScript */ = {
			isa = PBXShellScriptBuildPhase;
			buildActionMask = 2147483647;
			files = (
			);
			inputPaths = (
			);
			outputPaths = (
			);
			runOnlyForDeploymentPostprocessing = 0;
			shellPath = /bin/sh;
			shellScript = "##########################################\n#\n# c.f. http://stackoverflow.com/questions/3520977/build-fat-static-library-device-simulator-using-xcode-and-sdk-4\n#\n# Version 2.7\n#\n# Latest Change:\n# - Supports iPhone 5 / iPod Touch 5 (uses Apple's workaround to lipo bug)\n#\n# Purpose:\n#   Automatically create a Universal static library for iPhone + iPad + iPhone Simulator from within XCode\n#\n# Author: Adam Martin - http://twitter.com/redglassesapps\n# Based on: original script from Eonil (main changes: Eonil's script WILL NOT WORK in Xcode GUI - it WILL CRASH YOUR COMPUTER)\n#\n\nset -e\nset -o pipefail\n\n#################[ Tests: helps workaround any future bugs in Xcode ]########\n#\nDEBUG_THIS_SCRIPT=\"false\"\n\nif [ $DEBUG_THIS_SCRIPT = \"true\" ]\nthen\necho \"########### TESTS #############\"\necho \"Use the following variables when debugging this script; note that they may change on recursions\"\necho \"BUILD_DIR = $BUILD_DIR\"\necho \"BUILD_ROOT = $BUILD_ROOT\"\necho \"CONFIGURATION_BUILD_DIR = $CONFIGURATION_BUILD_DIR\"\necho \"BUILT_PRODUCTS_DIR = $BUILT_PRODUCTS_DIR\"\necho \"CONFIGURATION_TEMP_DIR = $CONFIGURATION_TEMP_DIR\"\necho \"TARGET_BUILD_DIR = $TARGET_BUILD_DIR\"\nfi\n\n#####################[ part 1 ]##################\n# First, work out the BASESDK version number (NB: Apple ought to report this, but they hide it)\n#    (incidental: searching for substrings in sh is a nightmare! Sob)\n\nSDK_VERSION=$(echo ${SDK_NAME} | grep -o '.\\{3\\}$')\n\n# Next, work out if we're in SIM or DEVICE\n\nif [ ${PLATFORM_NAME} = \"iphonesimulator\" ]\nthen\nOTHER_SDK_TO_BUILD=iphoneos${SDK_VERSION}\nelse\nOTHER_SDK_TO_BUILD=iphonesimulator${SDK_VERSION}\nfi\n\necho \"XCode has selected SDK: ${PLATFORM_NAME} with version: ${SDK_VERSION} (although back-targetting: ${IPHONEOS_DEPLOYMENT_TARGET})\"\necho \"...therefore, OTHER_SDK_TO_BUILD = ${OTHER_SDK_TO_BUILD}\"\n#\n#####################[ end of part 1 ]##################\n\n#####################[ part 2 ]##################\n#\n# IF this is the original invocation, invoke WHATEVER other builds are required\n#\n# Xcode is already building ONE target...\n#\n# ...but this is a LIBRARY, so Apple is wrong to set it to build just one.\n# ...we need to build ALL targets\n# ...we MUST NOT re-build the target that is ALREADY being built: Xcode WILL CRASH YOUR COMPUTER if you try this (infinite recursion!)\n#\n#\n# So: build ONLY the missing platforms/configurations.\n\nif [ \"true\" == ${ALREADYINVOKED:-false} ]\nthen\necho \"RECURSION: I am NOT the root invocation, so I'm NOT going to recurse\"\nelse\n# CRITICAL:\n# Prevent infinite recursion (Xcode sucks)\nexport ALREADYINVOKED=\"true\"\n\necho \"RECURSION: I am the root ... recursing all missing build targets NOW...\"\necho \"RECURSION: ...about to invoke: xcodebuild -configuration \\\"${CONFIGURATION}\\\" -project \\\"${PROJECT_NAME}.xcodeproj\\\" -target \\\"${TARGET_NAME}\\\" -sdk \\\"${OTHER_SDK_TO_BUILD}\\\" ${ACTION} RUN_CLANG_STATIC_ANALYZER=NO\" BUILD_DIR=\\\"${BUILD_DIR}\\\" BUILD_ROOT=\\\"${BUILD_ROOT}\\\" SYMROOT=\\\"${SYMROOT}\\\"\n\nxcodebuild -configuration \"${CONFIGURATION}\" -project \"${PROJECT_NAME}.xcodeproj\" -target \"${TARGET_NAME}\" -sdk \"${OTHER_SDK_TO_BUILD}\" ${ACTION} RUN_CLANG_STATIC_ANALYZER=NO BUILD_DIR=\"${BUILD_DIR}\" BUILD_ROOT=\"${BUILD_ROOT}\" SYMROOT=\"${SYMROOT}\"\n\nACTION=\"build\"\n\n#Merge all platform binaries as a fat binary for each configurations.\n\n# Calculate where the (multiple) built files are coming from:\nCURRENTCONFIG_DEVICE_DIR=${SYMROOT}/${CONFIGURATION}-iphoneos\nCURRENTCONFIG_SIMULATOR_DIR=${SYMROOT}/${CONFIGURATION}-iphonesimulator\n\necho \"Taking device build from: ${CURRENTCONFIG_DEVICE_DIR}\"\necho \"Taking simulator build from: ${CURRENTCONFIG_SIMULATOR_DIR}\"\n\nif [[ -z $CREATING_UNIVERSAL_DIR ]]\nthen\nCREATING_UNIVERSAL_DIR=${SYMROOT}/${CONFIGURATION}-universal\nfi\necho \"...I will output a universal build to: ${CREATING_UNIVERSAL_DIR}\"\n\n# ... remove the products of previous runs of this script\n#      NB: this directory is ONLY created by this script - it should be safe to delete!\n\nrm -rf \"${CREATING_UNIVERSAL_DIR}\"\nmkdir \"${CREATING_UNIVERSAL_DIR}\"\n\n#\necho \"lipo: for current configuration (${CONFIGURATION}) creating output file: ${CREATING_UNIVERSAL_DIR}/${EXECUTABLE_NAME}\"\nxcrun -sdk iphoneos lipo -create -output \"${CREATING_UNIVERSAL_DIR}/${EXECUTABLE_NAME}\" \"${CURRENTCONFIG_DEVICE_DIR}/${EXECUTABLE_NAME}\" \"${CURRENTCONFIG_SIMULATOR_DIR}/${EXECUTABLE_NAME}\"\n\n#########\n#\n# Added: StackOverflow suggestion to also copy \"include\" files\n#    (untested, but should work OK)\n#\necho \"Fetching headers from ${PUBLIC_HEADERS_FOLDER_PATH}\"\necho \"  (if you embed your library project in another project, you will need to add\"\necho \"   a \"User Search Headers\" build setting of: (NB INCLUDE THE DOUBLE QUOTES BELOW!)\"\necho '        \"$(TARGET_BUILD_DIR)/usr/local/include/\"'\nif [ -d \"${CURRENTCONFIG_DEVICE_DIR}${PUBLIC_HEADERS_FOLDER_PATH}\" ]\nthen\nmkdir -p \"${CREATING_UNIVERSAL_DIR}${PUBLIC_HEADERS_FOLDER_PATH}\"\n# * needs to be outside the double quotes?\ncp -r \"${CURRENTCONFIG_DEVICE_DIR}${PUBLIC_HEADERS_FOLDER_PATH}/\"* \"${CREATING_UNIVERSAL_DIR}${PUBLIC_HEADERS_FOLDER_PATH}\"\nfi\nfi\n";
		};
/* End PBXShellScriptBuildPhase section */

/* Begin PBXSourcesBuildPhase section */
		C0B3C5EB168C6D0C00161FAA /* Sources */ = {
			isa = PBXSourcesBuildPhase;
			buildActionMask = 2147483647;
			files = (
				9DFD997B1906D08300F67A8B /* StoreInfoBridge.mm in Sources */,
				9DFD99791906D08300F67A8B /* StoreControllerBridge.mm in Sources */,
				9DFD99731906D08300F67A8B /* EventDispatcherBridge.mm in Sources */,
				9DFD99771906D08300F67A8B /* StoreAssetsBridge.mm in Sources */,
				9DFD99711906D08300F67A8B /* CCSoomlaNdkBridgeIos.mm in Sources */,
				9DFD99751906D08300F67A8B /* SoomlaNDKGlue.mm in Sources */,
				9DFD997D1906D08300F67A8B /* StoreInventoryBridge.mm in Sources */,
			);
			runOnlyForDeploymentPostprocessing = 0;
		};
/* End PBXSourcesBuildPhase section */

/* Begin PBXTargetDependency section */
		9D1373C7192E20BB003B9302 /* PBXTargetDependency */ = {
			isa = PBXTargetDependency;
			name = SoomlaiOSStore;
			targetProxy = 9D1373C6192E20BB003B9302 /* PBXContainerItemProxy */;
		};
/* End PBXTargetDependency section */

/* Begin XCBuildConfiguration section */
		C0B3C5FB168C6D0C00161FAA /* Debug */ = {
			isa = XCBuildConfiguration;
			buildSettings = {
				ALWAYS_SEARCH_USER_PATHS = NO;
				CLANG_CXX_LANGUAGE_STANDARD = "gnu++0x";
				CLANG_CXX_LIBRARY = "libc++";
				CLANG_ENABLE_OBJC_ARC = NO;
				CLANG_WARN_EMPTY_BODY = YES;
				CLANG_WARN__DUPLICATE_METHOD_MATCH = YES;
				COPY_PHASE_STRIP = NO;
				GCC_C_LANGUAGE_STANDARD = gnu99;
				GCC_DYNAMIC_NO_PIC = NO;
				GCC_OPTIMIZATION_LEVEL = 0;
				GCC_PREFIX_HEADER = Prefix.pch;
				GCC_PREPROCESSOR_DEFINITIONS = (
					"DEBUG=1",
					"$(inherited)",
				);
				GCC_SYMBOLS_PRIVATE_EXTERN = NO;
				GCC_WARN_ABOUT_RETURN_TYPE = YES;
				GCC_WARN_UNINITIALIZED_AUTOS = YES;
				GCC_WARN_UNUSED_VARIABLE = YES;
				HEADER_SEARCH_PATHS = (
					"$(inherited)",
					/Applications/Xcode.app/Contents/Developer/Toolchains/XcodeDefault.xctoolchain/usr/include,
					../../../../../cocos2dx/include,
					../../../../../cocos2dx,
					../../../../../cocos2dx/cocoa,
					../../../../../cocos2dx/kazmath/include,
					../../../../../cocos2dx/platform/ios,
					../../../../../external/jansson/,
					"../../../Soomla/**",
					"../../../submodules/ios-store/SoomlaiOSStore/**",
				);
				IPHONEOS_DEPLOYMENT_TARGET = 5.0;
				ONLY_ACTIVE_ARCH = YES;
				SDKROOT = iphoneos;
			};
			name = Debug;
		};
		C0B3C5FC168C6D0C00161FAA /* Release */ = {
			isa = XCBuildConfiguration;
			buildSettings = {
				ALWAYS_SEARCH_USER_PATHS = NO;
				CLANG_CXX_LANGUAGE_STANDARD = "gnu++0x";
				CLANG_CXX_LIBRARY = "libc++";
				CLANG_ENABLE_OBJC_ARC = NO;
				CLANG_WARN_EMPTY_BODY = YES;
				CLANG_WARN__DUPLICATE_METHOD_MATCH = YES;
				COPY_PHASE_STRIP = YES;
				GCC_C_LANGUAGE_STANDARD = gnu99;
				GCC_PREFIX_HEADER = Prefix.pch;
				GCC_WARN_ABOUT_RETURN_TYPE = YES;
				GCC_WARN_UNINITIALIZED_AUTOS = YES;
				GCC_WARN_UNUSED_VARIABLE = YES;
				HEADER_SEARCH_PATHS = (
					"$(inherited)",
					/Applications/Xcode.app/Contents/Developer/Toolchains/XcodeDefault.xctoolchain/usr/include,
					../../../../../cocos2dx/include,
					../../../../../cocos2dx,
					../../../../../cocos2dx/cocoa,
					../../../../../cocos2dx/kazmath/include,
					../../../../../cocos2dx/platform/ios,
					../../../../../external/jansson/,
					"../../../Soomla/**",
					"../../../submodules/ios-store/SoomlaiOSStore/**",
				);
				IPHONEOS_DEPLOYMENT_TARGET = 5.0;
				SDKROOT = iphoneos;
				VALIDATE_PRODUCT = YES;
			};
			name = Release;
		};
		C0B3C5FE168C6D0C00161FAA /* Debug */ = {
			isa = XCBuildConfiguration;
			buildSettings = {
				CLANG_CXX_LIBRARY = "libstdc++";
				DSTROOT = /tmp/SoomlaIOSStore.dst;
				GCC_PRECOMPILE_PREFIX_HEADER = YES;
				GCC_PREPROCESSOR_DEFINITIONS = (
					"$(inherited)",
					"COCOS2D_DEBUG=1",
					CC_TARGET_OS_IPHONE,
				);
				HEADER_SEARCH_PATHS = (
					"$(inherited)",
					/Applications/Xcode.app/Contents/Developer/Toolchains/XcodeDefault.xctoolchain/usr/include,
					"../../ios-store/SoomlaiOSStore/**",
					../../jansson/,
				);
				LIBRARY_SEARCH_PATHS = (
					"../build-ios-store/build/debug/",
					"/Users/vedi/Documents/Projects/soomla/builder/cocos2d-x/cocos2dx/platform/third_party/ios/libraries",
				);
				LINK_WITH_STANDARD_LIBRARIES = NO;
				ONLY_ACTIVE_ARCH = NO;
				OTHER_LDFLAGS = "";
				PRIVATE_HEADERS_FOLDER_PATH = headers/private;
				PRODUCT_NAME = Cocos2dXiOSStore;
				PUBLIC_HEADERS_FOLDER_PATH = headers/public;
				SKIP_INSTALL = YES;
				WRAPPER_EXTENSION = framework;
			};
			name = Debug;
		};
		C0B3C5FF168C6D0C00161FAA /* Release */ = {
			isa = XCBuildConfiguration;
			buildSettings = {
				CLANG_CXX_LIBRARY = "libstdc++";
				DSTROOT = /tmp/SoomlaIOSStore.dst;
				GCC_GENERATE_DEBUGGING_SYMBOLS = NO;
				GCC_PRECOMPILE_PREFIX_HEADER = YES;
				GCC_PREPROCESSOR_DEFINITIONS = CC_TARGET_OS_IPHONE;
				HEADER_SEARCH_PATHS = (
					"$(inherited)",
					/Applications/Xcode.app/Contents/Developer/Toolchains/XcodeDefault.xctoolchain/usr/include,
					"../../ios-store/SoomlaiOSStore/**",
					../../jansson/,
				);
				LIBRARY_SEARCH_PATHS = (
					"../build-ios-store/build/release",
					"/Users/vedi/Documents/Projects/soomla/builder/cocos2d-x/cocos2dx/platform/third_party/ios/libraries",
				);
				LINK_WITH_STANDARD_LIBRARIES = NO;
				ONLY_ACTIVE_ARCH = NO;
				OTHER_LDFLAGS = "";
				PRIVATE_HEADERS_FOLDER_PATH = headers/private;
				PRODUCT_NAME = Cocos2dXiOSStore;
				PUBLIC_HEADERS_FOLDER_PATH = headers/public;
				SKIP_INSTALL = YES;
				WRAPPER_EXTENSION = framework;
			};
			name = Release;
		};
/* End XCBuildConfiguration section */

/* Begin XCConfigurationList section */
		C0B3C5E9168C6D0C00161FAA /* Build configuration list for PBXProject "Cocos2dXiOSStore" */ = {
			isa = XCConfigurationList;
			buildConfigurations = (
				C0B3C5FB168C6D0C00161FAA /* Debug */,
				C0B3C5FC168C6D0C00161FAA /* Release */,
			);
			defaultConfigurationIsVisible = 0;
			defaultConfigurationName = Release;
		};
		C0B3C5FD168C6D0C00161FAA /* Build configuration list for PBXNativeTarget "Cocos2dXiOSStore" */ = {
			isa = XCConfigurationList;
			buildConfigurations = (
				C0B3C5FE168C6D0C00161FAA /* Debug */,
				C0B3C5FF168C6D0C00161FAA /* Release */,
			);
			defaultConfigurationIsVisible = 0;
			defaultConfigurationName = Release;
		};
/* End XCConfigurationList section */
	};
	rootObject = C0B3C5E6168C6D0C00161FAA /* Project object */;
}
